// !$*UTF8*$!
{
	archiveVersion = 1;
	classes = {
	};
	objectVersion = 51;
	objects = {

/* Begin PBXBuildFile section */
		AD5643B2AB697526E7999CFF /* Pods_QponyTestowe.framework in Frameworks */ = {isa = PBXBuildFile; fileRef = DFC1A1FE434769B5ED0E2C57 /* Pods_QponyTestowe.framework */; };
		B183B4052416AAD600FD1485 /* AppDelegate.swift in Sources */ = {isa = PBXBuildFile; fileRef = B183B4042416AAD600FD1485 /* AppDelegate.swift */; };
		B183B40E2416AADD00FD1485 /* Assets.xcassets in Resources */ = {isa = PBXBuildFile; fileRef = B183B40D2416AADD00FD1485 /* Assets.xcassets */; };
		B183B4112416AADD00FD1485 /* LaunchScreen.storyboard in Resources */ = {isa = PBXBuildFile; fileRef = B183B40F2416AADD00FD1485 /* LaunchScreen.storyboard */; };
		B183B42F24177E0C00FD1485 /* NetworkAccountRequestProtocol.swift in Sources */ = {isa = PBXBuildFile; fileRef = B183B41C24177E0C00FD1485 /* NetworkAccountRequestProtocol.swift */; };
		B183B43024177E0C00FD1485 /* NetworkProvider+Currency.swift in Sources */ = {isa = PBXBuildFile; fileRef = B183B41E24177E0C00FD1485 /* NetworkProvider+Currency.swift */; };
		B183B43524177E0C00FD1485 /* NetworkRequestProvider.swift in Sources */ = {isa = PBXBuildFile; fileRef = B183B42524177E0C00FD1485 /* NetworkRequestProvider.swift */; };
		B183B43624177E0C00FD1485 /* NetworkRequestWrapper.swift in Sources */ = {isa = PBXBuildFile; fileRef = B183B42724177E0C00FD1485 /* NetworkRequestWrapper.swift */; };
		B183B43724177E0C00FD1485 /* NetworkRequest.swift in Sources */ = {isa = PBXBuildFile; fileRef = B183B42A24177E0C00FD1485 /* NetworkRequest.swift */; };
		B183B43824177E0C00FD1485 /* NetworkError.swift in Sources */ = {isa = PBXBuildFile; fileRef = B183B42C24177E0C00FD1485 /* NetworkError.swift */; };
		B183B43B2417829500FD1485 /* DIResolver.swift in Sources */ = {isa = PBXBuildFile; fileRef = B183B43A2417829500FD1485 /* DIResolver.swift */; };
		B183B4512417879F00FD1485 /* BaseWireFrame.swift in Sources */ = {isa = PBXBuildFile; fileRef = B183B4502417879F00FD1485 /* BaseWireFrame.swift */; };
		B183B454241787C200FD1485 /* BasePresenter.swift in Sources */ = {isa = PBXBuildFile; fileRef = B183B453241787C200FD1485 /* BasePresenter.swift */; };
		B183B456241787E700FD1485 /* BaseInteractor.swift in Sources */ = {isa = PBXBuildFile; fileRef = B183B455241787E700FD1485 /* BaseInteractor.swift */; };
		B183B45A2417882D00FD1485 /* BaseViewController.swift in Sources */ = {isa = PBXBuildFile; fileRef = B183B4592417882D00FD1485 /* BaseViewController.swift */; };
		B183B45C24178A6A00FD1485 /* Currencies+DIResolver.swift in Sources */ = {isa = PBXBuildFile; fileRef = B183B45B24178A6A00FD1485 /* Currencies+DIResolver.swift */; };
		B183B45E24178D4C00FD1485 /* SceneDelegate.swift in Sources */ = {isa = PBXBuildFile; fileRef = B183B45D24178D4C00FD1485 /* SceneDelegate.swift */; };
		B183B4622417EC3300FD1485 /* CurrencyAB_Model.swift in Sources */ = {isa = PBXBuildFile; fileRef = B183B4612417EC3300FD1485 /* CurrencyAB_Model.swift */; };
		B183B47324186EF100FD1485 /* CurrenciesPresenter.swift in Sources */ = {isa = PBXBuildFile; fileRef = B183B46824186EF100FD1485 /* CurrenciesPresenter.swift */; };
		B183B47424186EF100FD1485 /* CurrenciesWireFrame.swift in Sources */ = {isa = PBXBuildFile; fileRef = B183B46A24186EF100FD1485 /* CurrenciesWireFrame.swift */; };
		B183B47524186EF100FD1485 /* CurrenciesDataSource.swift in Sources */ = {isa = PBXBuildFile; fileRef = B183B46C24186EF100FD1485 /* CurrenciesDataSource.swift */; };
		B183B47624186EF100FD1485 /* CurrenciesTableCell.swift in Sources */ = {isa = PBXBuildFile; fileRef = B183B46D24186EF100FD1485 /* CurrenciesTableCell.swift */; };
		B183B47724186EF100FD1485 /* CurrenciesViewController.swift in Sources */ = {isa = PBXBuildFile; fileRef = B183B46E24186EF100FD1485 /* CurrenciesViewController.swift */; };
		B183B47824186EF100FD1485 /* CurrenciesProtocols.swift in Sources */ = {isa = PBXBuildFile; fileRef = B183B47024186EF100FD1485 /* CurrenciesProtocols.swift */; };
		B183B47924186EF100FD1485 /* CurrenciesInteractor.swift in Sources */ = {isa = PBXBuildFile; fileRef = B183B47224186EF100FD1485 /* CurrenciesInteractor.swift */; };
		B183B47B24187EC600FD1485 /* ColorManager.swift in Sources */ = {isa = PBXBuildFile; fileRef = B183B47A24187EC600FD1485 /* ColorManager.swift */; };
		B183B47D2418E68B00FD1485 /* ConstraintExtension.swift in Sources */ = {isa = PBXBuildFile; fileRef = B183B47C2418E68B00FD1485 /* ConstraintExtension.swift */; };
		B183B47F24190AA400FD1485 /* CurrencyC_Model.swift in Sources */ = {isa = PBXBuildFile; fileRef = B183B47E24190AA400FD1485 /* CurrencyC_Model.swift */; };
		B183B48324191DDA00FD1485 /* ListAB_ApiResponseModel.swift in Sources */ = {isa = PBXBuildFile; fileRef = B183B48224191DDA00FD1485 /* ListAB_ApiResponseModel.swift */; };
		B183B48524191DEE00FD1485 /* ListC_ApiResponseModel.swift in Sources */ = {isa = PBXBuildFile; fileRef = B183B48424191DEE00FD1485 /* ListC_ApiResponseModel.swift */; };
		B183B487241920F900FD1485 /* CurrencyAB_ApiResponseModel.swift in Sources */ = {isa = PBXBuildFile; fileRef = B183B486241920F900FD1485 /* CurrencyAB_ApiResponseModel.swift */; };
		B183B4892419210800FD1485 /* CurrencyC_ApiResponseModel.swift in Sources */ = {isa = PBXBuildFile; fileRef = B183B4882419210800FD1485 /* CurrencyC_ApiResponseModel.swift */; };
		B183B48C2419223700FD1485 /* ListAB_Model.swift in Sources */ = {isa = PBXBuildFile; fileRef = B183B48B2419223700FD1485 /* ListAB_Model.swift */; };
		B183B48E2419224200FD1485 /* ListC_Model.swift in Sources */ = {isa = PBXBuildFile; fileRef = B183B48D2419224200FD1485 /* ListC_Model.swift */; };
/* End PBXBuildFile section */

/* Begin PBXFileReference section */
		5CB2D5230C0E69CFD99631F5 /* Pods-QponyTestowe.release.xcconfig */ = {isa = PBXFileReference; includeInIndex = 1; lastKnownFileType = text.xcconfig; name = "Pods-QponyTestowe.release.xcconfig"; path = "Target Support Files/Pods-QponyTestowe/Pods-QponyTestowe.release.xcconfig"; sourceTree = "<group>"; };
		B183B4012416AAD600FD1485 /* QponyTestowe.app */ = {isa = PBXFileReference; explicitFileType = wrapper.application; includeInIndex = 0; path = QponyTestowe.app; sourceTree = BUILT_PRODUCTS_DIR; };
		B183B4042416AAD600FD1485 /* AppDelegate.swift */ = {isa = PBXFileReference; lastKnownFileType = sourcecode.swift; path = AppDelegate.swift; sourceTree = "<group>"; };
		B183B40D2416AADD00FD1485 /* Assets.xcassets */ = {isa = PBXFileReference; lastKnownFileType = folder.assetcatalog; path = Assets.xcassets; sourceTree = "<group>"; };
		B183B4102416AADD00FD1485 /* Base */ = {isa = PBXFileReference; lastKnownFileType = file.storyboard; name = Base; path = Base.lproj/LaunchScreen.storyboard; sourceTree = "<group>"; };
		B183B4122416AADD00FD1485 /* Info.plist */ = {isa = PBXFileReference; lastKnownFileType = text.plist.xml; path = Info.plist; sourceTree = "<group>"; };
		B183B41C24177E0C00FD1485 /* NetworkAccountRequestProtocol.swift */ = {isa = PBXFileReference; fileEncoding = 4; lastKnownFileType = sourcecode.swift; path = NetworkAccountRequestProtocol.swift; sourceTree = "<group>"; };
		B183B41E24177E0C00FD1485 /* NetworkProvider+Currency.swift */ = {isa = PBXFileReference; fileEncoding = 4; lastKnownFileType = sourcecode.swift; path = "NetworkProvider+Currency.swift"; sourceTree = "<group>"; };
		B183B42524177E0C00FD1485 /* NetworkRequestProvider.swift */ = {isa = PBXFileReference; fileEncoding = 4; lastKnownFileType = sourcecode.swift; path = NetworkRequestProvider.swift; sourceTree = "<group>"; };
		B183B42724177E0C00FD1485 /* NetworkRequestWrapper.swift */ = {isa = PBXFileReference; fileEncoding = 4; lastKnownFileType = sourcecode.swift; path = NetworkRequestWrapper.swift; sourceTree = "<group>"; };
		B183B42A24177E0C00FD1485 /* NetworkRequest.swift */ = {isa = PBXFileReference; fileEncoding = 4; lastKnownFileType = sourcecode.swift; path = NetworkRequest.swift; sourceTree = "<group>"; };
		B183B42C24177E0C00FD1485 /* NetworkError.swift */ = {isa = PBXFileReference; fileEncoding = 4; lastKnownFileType = sourcecode.swift; path = NetworkError.swift; sourceTree = "<group>"; };
		B183B43A2417829500FD1485 /* DIResolver.swift */ = {isa = PBXFileReference; fileEncoding = 4; lastKnownFileType = sourcecode.swift; path = DIResolver.swift; sourceTree = "<group>"; };
		B183B4502417879F00FD1485 /* BaseWireFrame.swift */ = {isa = PBXFileReference; lastKnownFileType = sourcecode.swift; path = BaseWireFrame.swift; sourceTree = "<group>"; };
		B183B453241787C200FD1485 /* BasePresenter.swift */ = {isa = PBXFileReference; lastKnownFileType = sourcecode.swift; path = BasePresenter.swift; sourceTree = "<group>"; };
		B183B455241787E700FD1485 /* BaseInteractor.swift */ = {isa = PBXFileReference; lastKnownFileType = sourcecode.swift; path = BaseInteractor.swift; sourceTree = "<group>"; };
		B183B4592417882D00FD1485 /* BaseViewController.swift */ = {isa = PBXFileReference; lastKnownFileType = sourcecode.swift; path = BaseViewController.swift; sourceTree = "<group>"; };
		B183B45B24178A6A00FD1485 /* Currencies+DIResolver.swift */ = {isa = PBXFileReference; lastKnownFileType = sourcecode.swift; path = "Currencies+DIResolver.swift"; sourceTree = "<group>"; };
		B183B45D24178D4C00FD1485 /* SceneDelegate.swift */ = {isa = PBXFileReference; lastKnownFileType = sourcecode.swift; path = SceneDelegate.swift; sourceTree = "<group>"; };
		B183B4612417EC3300FD1485 /* CurrencyAB_Model.swift */ = {isa = PBXFileReference; lastKnownFileType = sourcecode.swift; path = CurrencyAB_Model.swift; sourceTree = "<group>"; };
		B183B46824186EF100FD1485 /* CurrenciesPresenter.swift */ = {isa = PBXFileReference; fileEncoding = 4; lastKnownFileType = sourcecode.swift; path = CurrenciesPresenter.swift; sourceTree = "<group>"; };
		B183B46A24186EF100FD1485 /* CurrenciesWireFrame.swift */ = {isa = PBXFileReference; fileEncoding = 4; lastKnownFileType = sourcecode.swift; path = CurrenciesWireFrame.swift; sourceTree = "<group>"; };
		B183B46C24186EF100FD1485 /* CurrenciesDataSource.swift */ = {isa = PBXFileReference; fileEncoding = 4; lastKnownFileType = sourcecode.swift; path = CurrenciesDataSource.swift; sourceTree = "<group>"; };
		B183B46D24186EF100FD1485 /* CurrenciesTableCell.swift */ = {isa = PBXFileReference; fileEncoding = 4; lastKnownFileType = sourcecode.swift; path = CurrenciesTableCell.swift; sourceTree = "<group>"; };
		B183B46E24186EF100FD1485 /* CurrenciesViewController.swift */ = {isa = PBXFileReference; fileEncoding = 4; lastKnownFileType = sourcecode.swift; path = CurrenciesViewController.swift; sourceTree = "<group>"; };
		B183B47024186EF100FD1485 /* CurrenciesProtocols.swift */ = {isa = PBXFileReference; fileEncoding = 4; lastKnownFileType = sourcecode.swift; path = CurrenciesProtocols.swift; sourceTree = "<group>"; };
		B183B47224186EF100FD1485 /* CurrenciesInteractor.swift */ = {isa = PBXFileReference; fileEncoding = 4; lastKnownFileType = sourcecode.swift; path = CurrenciesInteractor.swift; sourceTree = "<group>"; };
		B183B47A24187EC600FD1485 /* ColorManager.swift */ = {isa = PBXFileReference; lastKnownFileType = sourcecode.swift; path = ColorManager.swift; sourceTree = "<group>"; };
		B183B47C2418E68B00FD1485 /* ConstraintExtension.swift */ = {isa = PBXFileReference; lastKnownFileType = sourcecode.swift; path = ConstraintExtension.swift; sourceTree = "<group>"; };
		B183B47E24190AA400FD1485 /* CurrencyC_Model.swift */ = {isa = PBXFileReference; lastKnownFileType = sourcecode.swift; path = CurrencyC_Model.swift; sourceTree = "<group>"; };
		B183B48224191DDA00FD1485 /* ListAB_ApiResponseModel.swift */ = {isa = PBXFileReference; lastKnownFileType = sourcecode.swift; name = ListAB_ApiResponseModel.swift; path = QponyTestowe/NetworkLayer/ResponseModels/Currency/ListAB_ApiResponseModel.swift; sourceTree = SOURCE_ROOT; };
		B183B48424191DEE00FD1485 /* ListC_ApiResponseModel.swift */ = {isa = PBXFileReference; lastKnownFileType = sourcecode.swift; name = ListC_ApiResponseModel.swift; path = QponyTestowe/NetworkLayer/ResponseModels/Currency/ListC_ApiResponseModel.swift; sourceTree = SOURCE_ROOT; };
		B183B486241920F900FD1485 /* CurrencyAB_ApiResponseModel.swift */ = {isa = PBXFileReference; lastKnownFileType = sourcecode.swift; name = CurrencyAB_ApiResponseModel.swift; path = QponyTestowe/NetworkLayer/ResponseModels/Currency/CurrencyAB_ApiResponseModel.swift; sourceTree = SOURCE_ROOT; };
		B183B4882419210800FD1485 /* CurrencyC_ApiResponseModel.swift */ = {isa = PBXFileReference; lastKnownFileType = sourcecode.swift; name = CurrencyC_ApiResponseModel.swift; path = QponyTestowe/NetworkLayer/ResponseModels/Currency/CurrencyC_ApiResponseModel.swift; sourceTree = SOURCE_ROOT; };
		B183B48B2419223700FD1485 /* ListAB_Model.swift */ = {isa = PBXFileReference; lastKnownFileType = sourcecode.swift; path = ListAB_Model.swift; sourceTree = "<group>"; };
		B183B48D2419224200FD1485 /* ListC_Model.swift */ = {isa = PBXFileReference; lastKnownFileType = sourcecode.swift; path = ListC_Model.swift; sourceTree = "<group>"; };
		DFC1A1FE434769B5ED0E2C57 /* Pods_QponyTestowe.framework */ = {isa = PBXFileReference; explicitFileType = wrapper.framework; includeInIndex = 0; path = Pods_QponyTestowe.framework; sourceTree = BUILT_PRODUCTS_DIR; };
		EE343C27860BA18F42FE865D /* Pods-QponyTestowe.debug.xcconfig */ = {isa = PBXFileReference; includeInIndex = 1; lastKnownFileType = text.xcconfig; name = "Pods-QponyTestowe.debug.xcconfig"; path = "Target Support Files/Pods-QponyTestowe/Pods-QponyTestowe.debug.xcconfig"; sourceTree = "<group>"; };
/* End PBXFileReference section */

/* Begin PBXFrameworksBuildPhase section */
		B183B3FE2416AAD600FD1485 /* Frameworks */ = {
			isa = PBXFrameworksBuildPhase;
			buildActionMask = 2147483647;
			files = (
				AD5643B2AB697526E7999CFF /* Pods_QponyTestowe.framework in Frameworks */,
			);
			runOnlyForDeploymentPostprocessing = 0;
		};
/* End PBXFrameworksBuildPhase section */

/* Begin PBXGroup section */
		094F14D309114E29A9A790AF /* Pods */ = {
			isa = PBXGroup;
			children = (
				EE343C27860BA18F42FE865D /* Pods-QponyTestowe.debug.xcconfig */,
				5CB2D5230C0E69CFD99631F5 /* Pods-QponyTestowe.release.xcconfig */,
			);
			path = Pods;
			sourceTree = "<group>";
		};
		41EDEDACF334E2F536D7B086 /* Frameworks */ = {
			isa = PBXGroup;
			children = (
				DFC1A1FE434769B5ED0E2C57 /* Pods_QponyTestowe.framework */,
			);
			name = Frameworks;
			sourceTree = "<group>";
		};
		B183B3F82416AAD600FD1485 = {
			isa = PBXGroup;
			children = (
				B183B4032416AAD600FD1485 /* QponyTestowe */,
				B183B4022416AAD600FD1485 /* Products */,
				094F14D309114E29A9A790AF /* Pods */,
				41EDEDACF334E2F536D7B086 /* Frameworks */,
			);
			sourceTree = "<group>";
		};
		B183B4022416AAD600FD1485 /* Products */ = {
			isa = PBXGroup;
			children = (
				B183B4012416AAD600FD1485 /* QponyTestowe.app */,
			);
			name = Products;
			sourceTree = "<group>";
		};
		B183B4032416AAD600FD1485 /* QponyTestowe */ = {
			isa = PBXGroup;
			children = (
				B183B4392417828000FD1485 /* Assembly */,
				B183B41824177E0C00FD1485 /* DataLayer */,
				B183B41B24177E0C00FD1485 /* NetworkLayer */,
				B183B42624177E0C00FD1485 /* ServiceLayer */,
				B183B43C2417852200FD1485 /* Modules */,
				B183B4042416AAD600FD1485 /* AppDelegate.swift */,
				B183B47A24187EC600FD1485 /* ColorManager.swift */,
				B183B47C2418E68B00FD1485 /* ConstraintExtension.swift */,
				B183B45D24178D4C00FD1485 /* SceneDelegate.swift */,
				B183B40D2416AADD00FD1485 /* Assets.xcassets */,
				B183B40F2416AADD00FD1485 /* LaunchScreen.storyboard */,
				B183B4122416AADD00FD1485 /* Info.plist */,
			);
			path = QponyTestowe;
			sourceTree = "<group>";
		};
		B183B41824177E0C00FD1485 /* DataLayer */ = {
			isa = PBXGroup;
			children = (
				B183B4632417EC4700FD1485 /* BusinessModels */,
			);
			path = DataLayer;
			sourceTree = "<group>";
		};
		B183B41B24177E0C00FD1485 /* NetworkLayer */ = {
			isa = PBXGroup;
			children = (
				B183B41C24177E0C00FD1485 /* NetworkAccountRequestProtocol.swift */,
				B183B41D24177E0C00FD1485 /* NetworkRequestProviders */,
				B183B41F24177E0C00FD1485 /* Requests */,
				B183B42224177E0C00FD1485 /* ResponseModels */,
				B183B42524177E0C00FD1485 /* NetworkRequestProvider.swift */,
			);
			path = NetworkLayer;
			sourceTree = "<group>";
		};
		B183B41D24177E0C00FD1485 /* NetworkRequestProviders */ = {
			isa = PBXGroup;
			children = (
				B183B41E24177E0C00FD1485 /* NetworkProvider+Currency.swift */,
			);
			path = NetworkRequestProviders;
			sourceTree = "<group>";
		};
		B183B41F24177E0C00FD1485 /* Requests */ = {
			isa = PBXGroup;
			children = (
			);
			path = Requests;
			sourceTree = "<group>";
		};
		B183B42224177E0C00FD1485 /* ResponseModels */ = {
			isa = PBXGroup;
			children = (
				B183B48F2419351600FD1485 /* Currency */,
			);
			path = ResponseModels;
			sourceTree = "<group>";
		};
		B183B42624177E0C00FD1485 /* ServiceLayer */ = {
			isa = PBXGroup;
			children = (
				B183B42724177E0C00FD1485 /* NetworkRequestWrapper.swift */,
				B183B42824177E0C00FD1485 /* NetworkRequestWrapper */,
			);
			path = ServiceLayer;
			sourceTree = "<group>";
		};
		B183B42824177E0C00FD1485 /* NetworkRequestWrapper */ = {
			isa = PBXGroup;
			children = (
				B183B42924177E0C00FD1485 /* NetworkRequest */,
				B183B42B24177E0C00FD1485 /* NetworkError */,
			);
			path = NetworkRequestWrapper;
			sourceTree = "<group>";
		};
		B183B42924177E0C00FD1485 /* NetworkRequest */ = {
			isa = PBXGroup;
			children = (
				B183B42A24177E0C00FD1485 /* NetworkRequest.swift */,
			);
			path = NetworkRequest;
			sourceTree = "<group>";
		};
		B183B42B24177E0C00FD1485 /* NetworkError */ = {
			isa = PBXGroup;
			children = (
				B183B42C24177E0C00FD1485 /* NetworkError.swift */,
			);
			path = NetworkError;
			sourceTree = "<group>";
		};
		B183B4392417828000FD1485 /* Assembly */ = {
			isa = PBXGroup;
			children = (
				B183B43A2417829500FD1485 /* DIResolver.swift */,
				B183B45B24178A6A00FD1485 /* Currencies+DIResolver.swift */,
			);
			path = Assembly;
			sourceTree = "<group>";
		};
		B183B43C2417852200FD1485 /* Modules */ = {
			isa = PBXGroup;
			children = (
				B183B46624186EF100FD1485 /* Currencies */,
				B183B44F2417878D00FD1485 /* BaseControllers */,
			);
			path = Modules;
			sourceTree = "<group>";
		};
		B183B44F2417878D00FD1485 /* BaseControllers */ = {
			isa = PBXGroup;
			children = (
				B183B4592417882D00FD1485 /* BaseViewController.swift */,
				B183B453241787C200FD1485 /* BasePresenter.swift */,
				B183B455241787E700FD1485 /* BaseInteractor.swift */,
				B183B4502417879F00FD1485 /* BaseWireFrame.swift */,
			);
			path = BaseControllers;
			sourceTree = "<group>";
		};
		B183B4632417EC4700FD1485 /* BusinessModels */ = {
			isa = PBXGroup;
			children = (
				B183B48A2419221A00FD1485 /* Currency */,
			);
			path = BusinessModels;
			sourceTree = "<group>";
		};
		B183B46624186EF100FD1485 /* Currencies */ = {
			isa = PBXGroup;
			children = (
				B183B46724186EF100FD1485 /* Presenter */,
				B183B46924186EF100FD1485 /* WireFrame */,
				B183B46B24186EF100FD1485 /* View */,
				B183B46F24186EF100FD1485 /* Protocols */,
				B183B47124186EF100FD1485 /* Interactor */,
			);
			path = Currencies;
			sourceTree = "<group>";
		};
		B183B46724186EF100FD1485 /* Presenter */ = {
			isa = PBXGroup;
			children = (
				B183B46824186EF100FD1485 /* CurrenciesPresenter.swift */,
			);
			path = Presenter;
			sourceTree = "<group>";
		};
		B183B46924186EF100FD1485 /* WireFrame */ = {
			isa = PBXGroup;
			children = (
				B183B46A24186EF100FD1485 /* CurrenciesWireFrame.swift */,
			);
			path = WireFrame;
			sourceTree = "<group>";
		};
		B183B46B24186EF100FD1485 /* View */ = {
			isa = PBXGroup;
			children = (
				B183B46C24186EF100FD1485 /* CurrenciesDataSource.swift */,
				B183B46D24186EF100FD1485 /* CurrenciesTableCell.swift */,
				B183B46E24186EF100FD1485 /* CurrenciesViewController.swift */,
			);
			path = View;
			sourceTree = "<group>";
		};
		B183B46F24186EF100FD1485 /* Protocols */ = {
			isa = PBXGroup;
			children = (
				B183B47024186EF100FD1485 /* CurrenciesProtocols.swift */,
			);
			path = Protocols;
			sourceTree = "<group>";
		};
		B183B47124186EF100FD1485 /* Interactor */ = {
			isa = PBXGroup;
			children = (
				B183B47224186EF100FD1485 /* CurrenciesInteractor.swift */,
			);
			path = Interactor;
			sourceTree = "<group>";
		};
		B183B48A2419221A00FD1485 /* Currency */ = {
			isa = PBXGroup;
			children = (
				B183B4612417EC3300FD1485 /* CurrencyAB_Model.swift */,
				B183B47E24190AA400FD1485 /* CurrencyC_Model.swift */,
				B183B48B2419223700FD1485 /* ListAB_Model.swift */,
				B183B48D2419224200FD1485 /* ListC_Model.swift */,
			);
			path = Currency;
			sourceTree = "<group>";
		};
		B183B48F2419351600FD1485 /* Currency */ = {
			isa = PBXGroup;
			children = (
				B183B48224191DDA00FD1485 /* ListAB_ApiResponseModel.swift */,
				B183B48424191DEE00FD1485 /* ListC_ApiResponseModel.swift */,
				B183B486241920F900FD1485 /* CurrencyAB_ApiResponseModel.swift */,
				B183B4882419210800FD1485 /* CurrencyC_ApiResponseModel.swift */,
			);
			path = Currency;
			sourceTree = "<group>";
		};
/* End PBXGroup section */

/* Begin PBXNativeTarget section */
		B183B4002416AAD600FD1485 /* QponyTestowe */ = {
			isa = PBXNativeTarget;
			buildConfigurationList = B183B4152416AADD00FD1485 /* Build configuration list for PBXNativeTarget "QponyTestowe" */;
			buildPhases = (
				2EA14973931B2631CF080740 /* [CP] Check Pods Manifest.lock */,
				B183B3FD2416AAD600FD1485 /* Sources */,
				B183B3FE2416AAD600FD1485 /* Frameworks */,
				B183B3FF2416AAD600FD1485 /* Resources */,
				9863B6F6D535073704EC1F28 /* [CP] Embed Pods Frameworks */,
			);
			buildRules = (
			);
			dependencies = (
			);
			name = QponyTestowe;
			productName = QponyTestowe;
			productReference = B183B4012416AAD600FD1485 /* QponyTestowe.app */;
			productType = "com.apple.product-type.application";
		};
/* End PBXNativeTarget section */

/* Begin PBXProject section */
		B183B3F92416AAD600FD1485 /* Project object */ = {
			isa = PBXProject;
			attributes = {
				LastSwiftUpdateCheck = 1110;
				LastUpgradeCheck = 1110;
				ORGANIZATIONNAME = "Oleksandr Bambulyak";
				TargetAttributes = {
					B183B4002416AAD600FD1485 = {
						CreatedOnToolsVersion = 11.1;
					};
				};
			};
			buildConfigurationList = B183B3FC2416AAD600FD1485 /* Build configuration list for PBXProject "QponyTestowe" */;
			compatibilityVersion = "Xcode 9.3";
			developmentRegion = en;
			hasScannedForEncodings = 0;
			knownRegions = (
				en,
				Base,
			);
			mainGroup = B183B3F82416AAD600FD1485;
			productRefGroup = B183B4022416AAD600FD1485 /* Products */;
			projectDirPath = "";
			projectRoot = "";
			targets = (
				B183B4002416AAD600FD1485 /* QponyTestowe */,
			);
		};
/* End PBXProject section */

/* Begin PBXResourcesBuildPhase section */
		B183B3FF2416AAD600FD1485 /* Resources */ = {
			isa = PBXResourcesBuildPhase;
			buildActionMask = 2147483647;
			files = (
				B183B4112416AADD00FD1485 /* LaunchScreen.storyboard in Resources */,
				B183B40E2416AADD00FD1485 /* Assets.xcassets in Resources */,
			);
			runOnlyForDeploymentPostprocessing = 0;
		};
/* End PBXResourcesBuildPhase section */

/* Begin PBXShellScriptBuildPhase section */
		2EA14973931B2631CF080740 /* [CP] Check Pods Manifest.lock */ = {
			isa = PBXShellScriptBuildPhase;
			buildActionMask = 2147483647;
			files = (
			);
			inputFileListPaths = (
			);
			inputPaths = (
				"${PODS_PODFILE_DIR_PATH}/Podfile.lock",
				"${PODS_ROOT}/Manifest.lock",
			);
			name = "[CP] Check Pods Manifest.lock";
			outputFileListPaths = (
			);
			outputPaths = (
				"$(DERIVED_FILE_DIR)/Pods-QponyTestowe-checkManifestLockResult.txt",
			);
			runOnlyForDeploymentPostprocessing = 0;
			shellPath = /bin/sh;
			shellScript = "diff \"${PODS_PODFILE_DIR_PATH}/Podfile.lock\" \"${PODS_ROOT}/Manifest.lock\" > /dev/null\nif [ $? != 0 ] ; then\n    # print error to STDERR\n    echo \"error: The sandbox is not in sync with the Podfile.lock. Run 'pod install' or update your CocoaPods installation.\" >&2\n    exit 1\nfi\n# This output is used by Xcode 'outputs' to avoid re-running this script phase.\necho \"SUCCESS\" > \"${SCRIPT_OUTPUT_FILE_0}\"\n";
			showEnvVarsInLog = 0;
		};
		9863B6F6D535073704EC1F28 /* [CP] Embed Pods Frameworks */ = {
			isa = PBXShellScriptBuildPhase;
			buildActionMask = 2147483647;
			files = (
			);
			inputFileListPaths = (
				"${PODS_ROOT}/Target Support Files/Pods-QponyTestowe/Pods-QponyTestowe-frameworks-${CONFIGURATION}-input-files.xcfilelist",
			);
			name = "[CP] Embed Pods Frameworks";
			outputFileListPaths = (
				"${PODS_ROOT}/Target Support Files/Pods-QponyTestowe/Pods-QponyTestowe-frameworks-${CONFIGURATION}-output-files.xcfilelist",
			);
			runOnlyForDeploymentPostprocessing = 0;
			shellPath = /bin/sh;
			shellScript = "\"${PODS_ROOT}/Target Support Files/Pods-QponyTestowe/Pods-QponyTestowe-frameworks.sh\"\n";
			showEnvVarsInLog = 0;
		};
/* End PBXShellScriptBuildPhase section */

/* Begin PBXSourcesBuildPhase section */
		B183B3FD2416AAD600FD1485 /* Sources */ = {
			isa = PBXSourcesBuildPhase;
			buildActionMask = 2147483647;
			files = (
				B183B454241787C200FD1485 /* BasePresenter.swift in Sources */,
				B183B47924186EF100FD1485 /* CurrenciesInteractor.swift in Sources */,
				B183B47F24190AA400FD1485 /* CurrencyC_Model.swift in Sources */,
				B183B43724177E0C00FD1485 /* NetworkRequest.swift in Sources */,
				B183B4892419210800FD1485 /* CurrencyC_ApiResponseModel.swift in Sources */,
				B183B43824177E0C00FD1485 /* NetworkError.swift in Sources */,
				B183B487241920F900FD1485 /* CurrencyAB_ApiResponseModel.swift in Sources */,
				B183B48E2419224200FD1485 /* ListC_Model.swift in Sources */,
				B183B4052416AAD600FD1485 /* AppDelegate.swift in Sources */,
				B183B456241787E700FD1485 /* BaseInteractor.swift in Sources */,
				B183B47524186EF100FD1485 /* CurrenciesDataSource.swift in Sources */,
				B183B45A2417882D00FD1485 /* BaseViewController.swift in Sources */,
				B183B45C24178A6A00FD1485 /* Currencies+DIResolver.swift in Sources */,
				B183B47424186EF100FD1485 /* CurrenciesWireFrame.swift in Sources */,
				B183B4512417879F00FD1485 /* BaseWireFrame.swift in Sources */,
				B183B42F24177E0C00FD1485 /* NetworkAccountRequestProtocol.swift in Sources */,
				B183B48324191DDA00FD1485 /* ListAB_ApiResponseModel.swift in Sources */,
				B183B48C2419223700FD1485 /* ListAB_Model.swift in Sources */,
				B183B4622417EC3300FD1485 /* CurrencyAB_Model.swift in Sources */,
				B183B43524177E0C00FD1485 /* NetworkRequestProvider.swift in Sources */,
				B183B47D2418E68B00FD1485 /* ConstraintExtension.swift in Sources */,
				B183B47B24187EC600FD1485 /* ColorManager.swift in Sources */,
				B183B47624186EF100FD1485 /* CurrenciesTableCell.swift in Sources */,
				B183B47824186EF100FD1485 /* CurrenciesProtocols.swift in Sources */,
				B183B43B2417829500FD1485 /* DIResolver.swift in Sources */,
				B183B47724186EF100FD1485 /* CurrenciesViewController.swift in Sources */,
				B183B48524191DEE00FD1485 /* ListC_ApiResponseModel.swift in Sources */,
				B183B43624177E0C00FD1485 /* NetworkRequestWrapper.swift in Sources */,
				B183B45E24178D4C00FD1485 /* SceneDelegate.swift in Sources */,
				B183B43024177E0C00FD1485 /* NetworkProvider+Currency.swift in Sources */,
				B183B47324186EF100FD1485 /* CurrenciesPresenter.swift in Sources */,
			);
			runOnlyForDeploymentPostprocessing = 0;
		};
/* End PBXSourcesBuildPhase section */

/* Begin PBXVariantGroup section */
		B183B40F2416AADD00FD1485 /* LaunchScreen.storyboard */ = {
			isa = PBXVariantGroup;
			children = (
				B183B4102416AADD00FD1485 /* Base */,
			);
			name = LaunchScreen.storyboard;
			sourceTree = "<group>";
		};
/* End PBXVariantGroup section */

/* Begin XCBuildConfiguration section */
		B183B4132416AADD00FD1485 /* Debug */ = {
			isa = XCBuildConfiguration;
			buildSettings = {
				ALWAYS_SEARCH_USER_PATHS = NO;
				CLANG_ANALYZER_NONNULL = YES;
				CLANG_ANALYZER_NUMBER_OBJECT_CONVERSION = YES_AGGRESSIVE;
				CLANG_CXX_LANGUAGE_STANDARD = "gnu++14";
				CLANG_CXX_LIBRARY = "libc++";
				CLANG_ENABLE_MODULES = YES;
				CLANG_ENABLE_OBJC_ARC = YES;
				CLANG_ENABLE_OBJC_WEAK = YES;
				CLANG_WARN_BLOCK_CAPTURE_AUTORELEASING = YES;
				CLANG_WARN_BOOL_CONVERSION = YES;
				CLANG_WARN_COMMA = YES;
				CLANG_WARN_CONSTANT_CONVERSION = YES;
				CLANG_WARN_DEPRECATED_OBJC_IMPLEMENTATIONS = YES;
				CLANG_WARN_DIRECT_OBJC_ISA_USAGE = YES_ERROR;
				CLANG_WARN_DOCUMENTATION_COMMENTS = YES;
				CLANG_WARN_EMPTY_BODY = YES;
				CLANG_WARN_ENUM_CONVERSION = YES;
				CLANG_WARN_INFINITE_RECURSION = YES;
				CLANG_WARN_INT_CONVERSION = YES;
				CLANG_WARN_NON_LITERAL_NULL_CONVERSION = YES;
				CLANG_WARN_OBJC_IMPLICIT_RETAIN_SELF = YES;
				CLANG_WARN_OBJC_LITERAL_CONVERSION = YES;
				CLANG_WARN_OBJC_ROOT_CLASS = YES_ERROR;
				CLANG_WARN_RANGE_LOOP_ANALYSIS = YES;
				CLANG_WARN_STRICT_PROTOTYPES = YES;
				CLANG_WARN_SUSPICIOUS_MOVE = YES;
				CLANG_WARN_UNGUARDED_AVAILABILITY = YES_AGGRESSIVE;
				CLANG_WARN_UNREACHABLE_CODE = YES;
				CLANG_WARN__DUPLICATE_METHOD_MATCH = YES;
				COPY_PHASE_STRIP = NO;
				DEBUG_INFORMATION_FORMAT = dwarf;
				ENABLE_STRICT_OBJC_MSGSEND = YES;
				ENABLE_TESTABILITY = YES;
				GCC_C_LANGUAGE_STANDARD = gnu11;
				GCC_DYNAMIC_NO_PIC = NO;
				GCC_NO_COMMON_BLOCKS = YES;
				GCC_OPTIMIZATION_LEVEL = 0;
				GCC_PREPROCESSOR_DEFINITIONS = (
					"DEBUG=1",
					"$(inherited)",
				);
				GCC_WARN_64_TO_32_BIT_CONVERSION = YES;
				GCC_WARN_ABOUT_RETURN_TYPE = YES_ERROR;
				GCC_WARN_UNDECLARED_SELECTOR = YES;
				GCC_WARN_UNINITIALIZED_AUTOS = YES_AGGRESSIVE;
				GCC_WARN_UNUSED_FUNCTION = YES;
				GCC_WARN_UNUSED_VARIABLE = YES;
				IPHONEOS_DEPLOYMENT_TARGET = 13.1;
				MTL_ENABLE_DEBUG_INFO = INCLUDE_SOURCE;
				MTL_FAST_MATH = YES;
				ONLY_ACTIVE_ARCH = YES;
				SDKROOT = iphoneos;
				SWIFT_ACTIVE_COMPILATION_CONDITIONS = DEBUG;
				SWIFT_OPTIMIZATION_LEVEL = "-Onone";
			};
			name = Debug;
		};
		B183B4142416AADD00FD1485 /* Release */ = {
			isa = XCBuildConfiguration;
			buildSettings = {
				ALWAYS_SEARCH_USER_PATHS = NO;
				CLANG_ANALYZER_NONNULL = YES;
				CLANG_ANALYZER_NUMBER_OBJECT_CONVERSION = YES_AGGRESSIVE;
				CLANG_CXX_LANGUAGE_STANDARD = "gnu++14";
				CLANG_CXX_LIBRARY = "libc++";
				CLANG_ENABLE_MODULES = YES;
				CLANG_ENABLE_OBJC_ARC = YES;
				CLANG_ENABLE_OBJC_WEAK = YES;
				CLANG_WARN_BLOCK_CAPTURE_AUTORELEASING = YES;
				CLANG_WARN_BOOL_CONVERSION = YES;
				CLANG_WARN_COMMA = YES;
				CLANG_WARN_CONSTANT_CONVERSION = YES;
				CLANG_WARN_DEPRECATED_OBJC_IMPLEMENTATIONS = YES;
				CLANG_WARN_DIRECT_OBJC_ISA_USAGE = YES_ERROR;
				CLANG_WARN_DOCUMENTATION_COMMENTS = YES;
				CLANG_WARN_EMPTY_BODY = YES;
				CLANG_WARN_ENUM_CONVERSION = YES;
				CLANG_WARN_INFINITE_RECURSION = YES;
				CLANG_WARN_INT_CONVERSION = YES;
				CLANG_WARN_NON_LITERAL_NULL_CONVERSION = YES;
				CLANG_WARN_OBJC_IMPLICIT_RETAIN_SELF = YES;
				CLANG_WARN_OBJC_LITERAL_CONVERSION = YES;
				CLANG_WARN_OBJC_ROOT_CLASS = YES_ERROR;
				CLANG_WARN_RANGE_LOOP_ANALYSIS = YES;
				CLANG_WARN_STRICT_PROTOTYPES = YES;
				CLANG_WARN_SUSPICIOUS_MOVE = YES;
				CLANG_WARN_UNGUARDED_AVAILABILITY = YES_AGGRESSIVE;
				CLANG_WARN_UNREACHABLE_CODE = YES;
				CLANG_WARN__DUPLICATE_METHOD_MATCH = YES;
				COPY_PHASE_STRIP = NO;
				DEBUG_INFORMATION_FORMAT = "dwarf-with-dsym";
				ENABLE_NS_ASSERTIONS = NO;
				ENABLE_STRICT_OBJC_MSGSEND = YES;
				GCC_C_LANGUAGE_STANDARD = gnu11;
				GCC_NO_COMMON_BLOCKS = YES;
				GCC_WARN_64_TO_32_BIT_CONVERSION = YES;
				GCC_WARN_ABOUT_RETURN_TYPE = YES_ERROR;
				GCC_WARN_UNDECLARED_SELECTOR = YES;
				GCC_WARN_UNINITIALIZED_AUTOS = YES_AGGRESSIVE;
				GCC_WARN_UNUSED_FUNCTION = YES;
				GCC_WARN_UNUSED_VARIABLE = YES;
				IPHONEOS_DEPLOYMENT_TARGET = 13.1;
				MTL_ENABLE_DEBUG_INFO = NO;
				MTL_FAST_MATH = YES;
				SDKROOT = iphoneos;
				SWIFT_COMPILATION_MODE = wholemodule;
				SWIFT_OPTIMIZATION_LEVEL = "-O";
				VALIDATE_PRODUCT = YES;
			};
			name = Release;
		};
		B183B4162416AADD00FD1485 /* Debug */ = {
			isa = XCBuildConfiguration;
			baseConfigurationReference = EE343C27860BA18F42FE865D /* Pods-QponyTestowe.debug.xcconfig */;
			buildSettings = {
				ASSETCATALOG_COMPILER_APPICON_NAME = AppIcon;
				CODE_SIGN_STYLE = Automatic;
				DEVELOPMENT_TEAM = 42HSZXZUT7;
				INFOPLIST_FILE = QponyTestowe/Info.plist;
				LD_RUNPATH_SEARCH_PATHS = (
					"$(inherited)",
					"@executable_path/Frameworks",
				);
				PRODUCT_BUNDLE_IDENTIFIER = qpony.QponyTestowe;
				PRODUCT_NAME = "$(TARGET_NAME)";
				SWIFT_VERSION = 5.0;
				TARGETED_DEVICE_FAMILY = "1,2";
			};
			name = Debug;
		};
		B183B4172416AADD00FD1485 /* Release */ = {
			isa = XCBuildConfiguration;
			baseConfigurationReference = 5CB2D5230C0E69CFD99631F5 /* Pods-QponyTestowe.release.xcconfig */;
			buildSettings = {
				ASSETCATALOG_COMPILER_APPICON_NAME = AppIcon;
				CODE_SIGN_STYLE = Automatic;
				DEVELOPMENT_TEAM = 42HSZXZUT7;
				INFOPLIST_FILE = QponyTestowe/Info.plist;
				LD_RUNPATH_SEARCH_PATHS = (
					"$(inherited)",
					"@executable_path/Frameworks",
				);
				PRODUCT_BUNDLE_IDENTIFIER = qpony.QponyTestowe;
				PRODUCT_NAME = "$(TARGET_NAME)";
				SWIFT_VERSION = 5.0;
				TARGETED_DEVICE_FAMILY = "1,2";
			};
			name = Release;
		};
/* End XCBuildConfiguration section */

/* Begin XCConfigurationList section */
		B183B3FC2416AAD600FD1485 /* Build configuration list for PBXProject "QponyTestowe" */ = {
			isa = XCConfigurationList;
			buildConfigurations = (
				B183B4132416AADD00FD1485 /* Debug */,
				B183B4142416AADD00FD1485 /* Release */,
			);
			defaultConfigurationIsVisible = 0;
			defaultConfigurationName = Release;
		};
		B183B4152416AADD00FD1485 /* Build configuration list for PBXNativeTarget "QponyTestowe" */ = {
			isa = XCConfigurationList;
			buildConfigurations = (
				B183B4162416AADD00FD1485 /* Debug */,
				B183B4172416AADD00FD1485 /* Release */,
			);
			defaultConfigurationIsVisible = 0;
			defaultConfigurationName = Release;
		};
/* End XCConfigurationList section */
	};
	rootObject = B183B3F92416AAD600FD1485 /* Project object */;
}
